
Microsoft Visual Studio Solution File, Format Version 12.00
# Visual Studio Version 16
VisualStudioVersion = 16.0.30225.117
MinimumVisualStudioVersion = 10.0.40219.1
Project("{FAE04EC0-301F-11D3-BF4B-00C04F79EFBC}") = "arduino seral monitor", "arduino seral monitor\arduino seral monitor.csproj", "{1D2B9E8A-0679-47FF-BFB5-5CA53BB53CB2}"
EndProject
Global
	GlobalSection(SolutionConfigurationPlatforms) = preSolution
		Debug|Any CPU = Debug|Any CPU
		Release|Any CPU = Release|Any CPU
	EndGlobalSection
	GlobalSection(ProjectConfigurationPlatforms) = postSolution
		{1D2B9E8A-0679-47FF-BFB5-5CA53BB53CB2}.Debug|Any CPU.ActiveCfg = Debug|Any CPU
		{1D2B9E8A-0679-47FF-BFB5-5CA53BB53CB2}.Debug|Any CPU.Build.0 = Debug|Any CPU
		{1D2B9E8A-0679-47FF-BFB5-5CA53BB53CB2}.Release|Any CPU.ActiveCfg = Release|Any CPU
		{1D2B9E8A-0679-47FF-BFB5-5CA53BB53CB2}.Release|Any CPU.Build.0 = Release|Any CPU
	EndGlobalSection
	GlobalSection(SolutionProperties) = preSolution
		HideSolutionNode = FALSE
	EndGlobalSection
	GlobalSection(ExtensibilityGlobals) = postSolution
		SolutionGuid = {F7DD0890-09D4-4700-8B85-52562C9F6419}
	EndGlobalSection
EndGlobal
